
Microsoft Visual Studio Solution File, Format Version 12.00
# Visual Studio Version 16
VisualStudioVersion = 16.0.29905.134
MinimumVisualStudioVersion = 10.0.40219.1
Project("{FAE04EC0-301F-11D3-BF4B-00C04F79EFBC}") = "ConsoleApp10", "ConsoleApp10.csproj", "{EB490DA7-C2C2-495B-95EA-8D714C61A3DD}"
EndProject
Global
	GlobalSection(SolutionConfigurationPlatforms) = preSolution
		Debug|Any CPU = Debug|Any CPU
		Release|Any CPU = Release|Any CPU
	EndGlobalSection
	GlobalSection(ProjectConfigurationPlatforms) = postSolution
		{EB490DA7-C2C2-495B-95EA-8D714C61A3DD}.Debug|Any CPU.ActiveCfg = Debug|Any CPU
		{EB490DA7-C2C2-495B-95EA-8D714C61A3DD}.Debug|Any CPU.Build.0 = Debug|Any CPU
		{EB490DA7-C2C2-495B-95EA-8D714C61A3DD}.Release|Any CPU.ActiveCfg = Release|Any CPU
		{EB490DA7-C2C2-495B-95EA-8D714C61A3DD}.Release|Any CPU.Build.0 = Release|Any CPU
	EndGlobalSection
	GlobalSection(SolutionProperties) = preSolution
		HideSolutionNode = FALSE
	EndGlobalSection
	GlobalSection(ExtensibilityGlobals) = postSolution
		SolutionGuid = {6AE66E6B-797C-4F70-B8D9-45F349458ECA}
	EndGlobalSection
EndGlobal
